// !$*UTF8*$!
{
	archiveVersion = 1;
	classes = {
	};
	objectVersion = 50;
	objects = {

/* Begin PBXBuildFile section */
		4BAE8900BE8392A21D76EB63 /* Pods_tinderLike.framework in Frameworks */ = {isa = PBXBuildFile; fileRef = 3B50B1F6DE410173FFD72A1A /* Pods_tinderLike.framework */; };
		4F19D44321D285EA00C8B2B5 /* AppDelegate.swift in Sources */ = {isa = PBXBuildFile; fileRef = 4F19D44221D285EA00C8B2B5 /* AppDelegate.swift */; };
		4F19D44521D285EA00C8B2B5 /* HomeViewController.swift in Sources */ = {isa = PBXBuildFile; fileRef = 4F19D44421D285EA00C8B2B5 /* HomeViewController.swift */; };
		4F19D44821D285EA00C8B2B5 /* Main.storyboard in Resources */ = {isa = PBXBuildFile; fileRef = 4F19D44621D285EA00C8B2B5 /* Main.storyboard */; };
		4F19D44A21D285ED00C8B2B5 /* Assets.xcassets in Resources */ = {isa = PBXBuildFile; fileRef = 4F19D44921D285ED00C8B2B5 /* Assets.xcassets */; };
		4F19D44D21D285ED00C8B2B5 /* LaunchScreen.storyboard in Resources */ = {isa = PBXBuildFile; fileRef = 4F19D44B21D285ED00C8B2B5 /* LaunchScreen.storyboard */; };
		4F19D45621D29B7800C8B2B5 /* Extensions+UIView.swift in Sources */ = {isa = PBXBuildFile; fileRef = 4F19D45521D29B7800C8B2B5 /* Extensions+UIView.swift */; };
		4F19D45921D6EABD00C8B2B5 /* HomeBottomControlsStackView.swift in Sources */ = {isa = PBXBuildFile; fileRef = 4F19D45821D6EABD00C8B2B5 /* HomeBottomControlsStackView.swift */; };
		4F19D45B21D6F75F00C8B2B5 /* TopNavigationStackView.swift in Sources */ = {isa = PBXBuildFile; fileRef = 4F19D45A21D6F75F00C8B2B5 /* TopNavigationStackView.swift */; };
		4F76E225220F911E00206ACE /* User.swift in Sources */ = {isa = PBXBuildFile; fileRef = 4F76E224220F911E00206ACE /* User.swift */; };
		4F76E22922109FF600206ACE /* CardViewModel.swift in Sources */ = {isa = PBXBuildFile; fileRef = 4F76E22822109FF600206ACE /* CardViewModel.swift */; };
		4F76E22B2210DB0700206ACE /* Advertiser.swift in Sources */ = {isa = PBXBuildFile; fileRef = 4F76E22A2210DB0700206ACE /* Advertiser.swift */; };
		4F9E26992235C962009A9602 /* RegistrationViewModel.swift in Sources */ = {isa = PBXBuildFile; fileRef = 4F9E26982235C962009A9602 /* RegistrationViewModel.swift */; };
		4F9E269B224069AB009A9602 /* GoogleService-Info.plist in Resources */ = {isa = PBXBuildFile; fileRef = 4F9E269A224069AB009A9602 /* GoogleService-Info.plist */; };
		4FA26DFC221A2D33007C230A /* RegistrationViewController.swift in Sources */ = {isa = PBXBuildFile; fileRef = 4FA26DFB221A2D33007C230A /* RegistrationViewController.swift */; };
		4FA26DFE221A4098007C230A /* CustomTextField.swift in Sources */ = {isa = PBXBuildFile; fileRef = 4FA26DFD221A4098007C230A /* CustomTextField.swift */; };
		4FA33B35224825A200497068 /* Bindable.swift in Sources */ = {isa = PBXBuildFile; fileRef = 4FA33B34224825A200497068 /* Bindable.swift */; };
		4FD5422821DAC57000F7023A /* CardView.swift in Sources */ = {isa = PBXBuildFile; fileRef = 4FD5422721DAC57000F7023A /* CardView.swift */; };
/* End PBXBuildFile section */

/* Begin PBXFileReference section */
		100828AD6E7C764B51EEC4E7 /* Pods-tinderLike.release.xcconfig */ = {isa = PBXFileReference; includeInIndex = 1; lastKnownFileType = text.xcconfig; name = "Pods-tinderLike.release.xcconfig"; path = "Target Support Files/Pods-tinderLike/Pods-tinderLike.release.xcconfig"; sourceTree = "<group>"; };
		11B438B83BCB03C2C081AC3C /* Pods-tinderLike.debug.xcconfig */ = {isa = PBXFileReference; includeInIndex = 1; lastKnownFileType = text.xcconfig; name = "Pods-tinderLike.debug.xcconfig"; path = "Target Support Files/Pods-tinderLike/Pods-tinderLike.debug.xcconfig"; sourceTree = "<group>"; };
		3B50B1F6DE410173FFD72A1A /* Pods_tinderLike.framework */ = {isa = PBXFileReference; explicitFileType = wrapper.framework; includeInIndex = 0; path = Pods_tinderLike.framework; sourceTree = BUILT_PRODUCTS_DIR; };
		4F19D43F21D285EA00C8B2B5 /* tinderLike.app */ = {isa = PBXFileReference; explicitFileType = wrapper.application; includeInIndex = 0; path = tinderLike.app; sourceTree = BUILT_PRODUCTS_DIR; };
		4F19D44221D285EA00C8B2B5 /* AppDelegate.swift */ = {isa = PBXFileReference; lastKnownFileType = sourcecode.swift; path = AppDelegate.swift; sourceTree = "<group>"; };
		4F19D44421D285EA00C8B2B5 /* HomeViewController.swift */ = {isa = PBXFileReference; lastKnownFileType = sourcecode.swift; path = HomeViewController.swift; sourceTree = "<group>"; };
		4F19D44721D285EA00C8B2B5 /* Base */ = {isa = PBXFileReference; lastKnownFileType = file.storyboard; name = Base; path = Base.lproj/Main.storyboard; sourceTree = "<group>"; };
		4F19D44921D285ED00C8B2B5 /* Assets.xcassets */ = {isa = PBXFileReference; lastKnownFileType = folder.assetcatalog; path = Assets.xcassets; sourceTree = "<group>"; };
		4F19D44C21D285ED00C8B2B5 /* Base */ = {isa = PBXFileReference; lastKnownFileType = file.storyboard; name = Base; path = Base.lproj/LaunchScreen.storyboard; sourceTree = "<group>"; };
		4F19D44E21D285ED00C8B2B5 /* Info.plist */ = {isa = PBXFileReference; lastKnownFileType = text.plist.xml; path = Info.plist; sourceTree = "<group>"; };
		4F19D45521D29B7800C8B2B5 /* Extensions+UIView.swift */ = {isa = PBXFileReference; fileEncoding = 4; lastKnownFileType = sourcecode.swift; path = "Extensions+UIView.swift"; sourceTree = "<group>"; };
		4F19D45821D6EABD00C8B2B5 /* HomeBottomControlsStackView.swift */ = {isa = PBXFileReference; lastKnownFileType = sourcecode.swift; path = HomeBottomControlsStackView.swift; sourceTree = "<group>"; };
		4F19D45A21D6F75F00C8B2B5 /* TopNavigationStackView.swift */ = {isa = PBXFileReference; lastKnownFileType = sourcecode.swift; path = TopNavigationStackView.swift; sourceTree = "<group>"; };
		4F76E224220F911E00206ACE /* User.swift */ = {isa = PBXFileReference; lastKnownFileType = sourcecode.swift; path = User.swift; sourceTree = "<group>"; };
		4F76E22822109FF600206ACE /* CardViewModel.swift */ = {isa = PBXFileReference; lastKnownFileType = sourcecode.swift; path = CardViewModel.swift; sourceTree = "<group>"; };
		4F76E22A2210DB0700206ACE /* Advertiser.swift */ = {isa = PBXFileReference; lastKnownFileType = sourcecode.swift; path = Advertiser.swift; sourceTree = "<group>"; };
		4F9E26982235C962009A9602 /* RegistrationViewModel.swift */ = {isa = PBXFileReference; lastKnownFileType = sourcecode.swift; path = RegistrationViewModel.swift; sourceTree = "<group>"; };
		4F9E269A224069AB009A9602 /* GoogleService-Info.plist */ = {isa = PBXFileReference; fileEncoding = 4; lastKnownFileType = text.plist.xml; path = "GoogleService-Info.plist"; sourceTree = SOURCE_ROOT; };
		4FA26DFB221A2D33007C230A /* RegistrationViewController.swift */ = {isa = PBXFileReference; lastKnownFileType = sourcecode.swift; path = RegistrationViewController.swift; sourceTree = "<group>"; };
		4FA26DFD221A4098007C230A /* CustomTextField.swift */ = {isa = PBXFileReference; lastKnownFileType = sourcecode.swift; path = CustomTextField.swift; sourceTree = "<group>"; };
		4FA33B34224825A200497068 /* Bindable.swift */ = {isa = PBXFileReference; lastKnownFileType = sourcecode.swift; path = Bindable.swift; sourceTree = "<group>"; };
		4FD5422721DAC57000F7023A /* CardView.swift */ = {isa = PBXFileReference; lastKnownFileType = sourcecode.swift; path = CardView.swift; sourceTree = "<group>"; };
/* End PBXFileReference section */

/* Begin PBXFrameworksBuildPhase section */
		4F19D43C21D285EA00C8B2B5 /* Frameworks */ = {
			isa = PBXFrameworksBuildPhase;
			buildActionMask = 2147483647;
			files = (
				4BAE8900BE8392A21D76EB63 /* Pods_tinderLike.framework in Frameworks */,
			);
			runOnlyForDeploymentPostprocessing = 0;
		};
/* End PBXFrameworksBuildPhase section */

/* Begin PBXGroup section */
		4F19D43621D285EA00C8B2B5 = {
			isa = PBXGroup;
			children = (
				4F19D44121D285EA00C8B2B5 /* tinderLike */,
				4F19D44021D285EA00C8B2B5 /* Products */,
				A957FC64AFCB3D8D09FC84F0 /* Pods */,
				7B76488098BF15FCDF3BDE37 /* Frameworks */,
			);
			sourceTree = "<group>";
		};
		4F19D44021D285EA00C8B2B5 /* Products */ = {
			isa = PBXGroup;
			children = (
				4F19D43F21D285EA00C8B2B5 /* tinderLike.app */,
			);
			name = Products;
			sourceTree = "<group>";
		};
		4F19D44121D285EA00C8B2B5 /* tinderLike */ = {
			isa = PBXGroup;
			children = (
				4F76E22722109FCB00206ACE /* ViewModels */,
				4F76E223220F910500206ACE /* Model */,
				4F19D45721D6EA8000C8B2B5 /* Views */,
				4F76E22622109FA200206ACE /* Controller */,
				4F19D45421D29B4800C8B2B5 /* Extensions */,
				4F19D44221D285EA00C8B2B5 /* AppDelegate.swift */,
				4F19D44621D285EA00C8B2B5 /* Main.storyboard */,
				4F19D44921D285ED00C8B2B5 /* Assets.xcassets */,
				4F19D44B21D285ED00C8B2B5 /* LaunchScreen.storyboard */,
				4F19D44E21D285ED00C8B2B5 /* Info.plist */,
				4F9E269A224069AB009A9602 /* GoogleService-Info.plist */,
			);
			path = tinderLike;
			sourceTree = "<group>";
		};
		4F19D45421D29B4800C8B2B5 /* Extensions */ = {
			isa = PBXGroup;
			children = (
				4F19D45521D29B7800C8B2B5 /* Extensions+UIView.swift */,
			);
			path = Extensions;
			sourceTree = "<group>";
		};
		4F19D45721D6EA8000C8B2B5 /* Views */ = {
			isa = PBXGroup;
			children = (
				4F19D45821D6EABD00C8B2B5 /* HomeBottomControlsStackView.swift */,
				4F19D45A21D6F75F00C8B2B5 /* TopNavigationStackView.swift */,
				4FD5422721DAC57000F7023A /* CardView.swift */,
				4FA26DFD221A4098007C230A /* CustomTextField.swift */,
			);
			path = Views;
			sourceTree = "<group>";
		};
		4F76E223220F910500206ACE /* Model */ = {
			isa = PBXGroup;
			children = (
				4F76E224220F911E00206ACE /* User.swift */,
				4F76E22A2210DB0700206ACE /* Advertiser.swift */,
			);
			path = Model;
			sourceTree = "<group>";
		};
		4F76E22622109FA200206ACE /* Controller */ = {
			isa = PBXGroup;
			children = (
				4F19D44421D285EA00C8B2B5 /* HomeViewController.swift */,
				4FA26DFB221A2D33007C230A /* RegistrationViewController.swift */,
				4F9E26982235C962009A9602 /* RegistrationViewModel.swift */,
				4FA33B34224825A200497068 /* Bindable.swift */,
			);
			path = Controller;
			sourceTree = "<group>";
		};
		4F76E22722109FCB00206ACE /* ViewModels */ = {
			isa = PBXGroup;
			children = (
				4F76E22822109FF600206ACE /* CardViewModel.swift */,
			);
			path = ViewModels;
			sourceTree = "<group>";
		};
		7B76488098BF15FCDF3BDE37 /* Frameworks */ = {
			isa = PBXGroup;
			children = (
				3B50B1F6DE410173FFD72A1A /* Pods_tinderLike.framework */,
			);
			name = Frameworks;
			sourceTree = "<group>";
		};
		A957FC64AFCB3D8D09FC84F0 /* Pods */ = {
			isa = PBXGroup;
			children = (
				11B438B83BCB03C2C081AC3C /* Pods-tinderLike.debug.xcconfig */,
				100828AD6E7C764B51EEC4E7 /* Pods-tinderLike.release.xcconfig */,
			);
			path = Pods;
			sourceTree = "<group>";
		};
/* End PBXGroup section */

/* Begin PBXNativeTarget section */
		4F19D43E21D285EA00C8B2B5 /* tinderLike */ = {
			isa = PBXNativeTarget;
			buildConfigurationList = 4F19D45121D285ED00C8B2B5 /* Build configuration list for PBXNativeTarget "tinderLike" */;
			buildPhases = (
				D3BD5237AB4F548BE4314BBE /* [CP] Check Pods Manifest.lock */,
				4F19D43B21D285EA00C8B2B5 /* Sources */,
				4F19D43C21D285EA00C8B2B5 /* Frameworks */,
				4F19D43D21D285EA00C8B2B5 /* Resources */,
				7730E8E0213EDF291FED1133 /* [CP] Embed Pods Frameworks */,
			);
			buildRules = (
			);
			dependencies = (
			);
			name = tinderLike;
			productName = tinderLike;
			productReference = 4F19D43F21D285EA00C8B2B5 /* tinderLike.app */;
			productType = "com.apple.product-type.application";
		};
/* End PBXNativeTarget section */

/* Begin PBXProject section */
		4F19D43721D285EA00C8B2B5 /* Project object */ = {
			isa = PBXProject;
			attributes = {
				LastSwiftUpdateCheck = 1010;
				LastUpgradeCheck = 1010;
				ORGANIZATIONNAME = "Paul Defilippi";
				TargetAttributes = {
					4F19D43E21D285EA00C8B2B5 = {
						CreatedOnToolsVersion = 10.1;
					};
				};
			};
			buildConfigurationList = 4F19D43A21D285EA00C8B2B5 /* Build configuration list for PBXProject "tinderLike" */;
			compatibilityVersion = "Xcode 9.3";
			developmentRegion = en;
			hasScannedForEncodings = 0;
			knownRegions = (
				en,
				Base,
			);
			mainGroup = 4F19D43621D285EA00C8B2B5;
			productRefGroup = 4F19D44021D285EA00C8B2B5 /* Products */;
			projectDirPath = "";
			projectRoot = "";
			targets = (
				4F19D43E21D285EA00C8B2B5 /* tinderLike */,
			);
		};
/* End PBXProject section */

/* Begin PBXResourcesBuildPhase section */
		4F19D43D21D285EA00C8B2B5 /* Resources */ = {
			isa = PBXResourcesBuildPhase;
			buildActionMask = 2147483647;
			files = (
				4F19D44D21D285ED00C8B2B5 /* LaunchScreen.storyboard in Resources */,
				4F9E269B224069AB009A9602 /* GoogleService-Info.plist in Resources */,
				4F19D44A21D285ED00C8B2B5 /* Assets.xcassets in Resources */,
				4F19D44821D285EA00C8B2B5 /* Main.storyboard in Resources */,
			);
			runOnlyForDeploymentPostprocessing = 0;
		};
/* End PBXResourcesBuildPhase section */

/* Begin PBXShellScriptBuildPhase section */
		7730E8E0213EDF291FED1133 /* [CP] Embed Pods Frameworks */ = {
			isa = PBXShellScriptBuildPhase;
			buildActionMask = 2147483647;
			files = (
			);
			inputFileListPaths = (
			);
			inputPaths = (
				"${PODS_ROOT}/Target Support Files/Pods-tinderLike/Pods-tinderLike-frameworks.sh",
				"${BUILT_PRODUCTS_DIR}/BoringSSL-GRPC/openssl_grpc.framework",
				"${BUILT_PRODUCTS_DIR}/GTMSessionFetcher/GTMSessionFetcher.framework",
				"${BUILT_PRODUCTS_DIR}/GoogleUtilities/GoogleUtilities.framework",
				"${BUILT_PRODUCTS_DIR}/JGProgressHUD/JGProgressHUD.framework",
				"${BUILT_PRODUCTS_DIR}/Protobuf/Protobuf.framework",
				"${BUILT_PRODUCTS_DIR}/SDWebImage/SDWebImage.framework",
				"${BUILT_PRODUCTS_DIR}/gRPC/GRPCClient.framework",
				"${BUILT_PRODUCTS_DIR}/gRPC-C++/grpcpp.framework",
				"${BUILT_PRODUCTS_DIR}/gRPC-Core/grpc.framework",
				"${BUILT_PRODUCTS_DIR}/gRPC-ProtoRPC/ProtoRPC.framework",
				"${BUILT_PRODUCTS_DIR}/gRPC-RxLibrary/RxLibrary.framework",
				"${BUILT_PRODUCTS_DIR}/leveldb-library/leveldb.framework",
				"${BUILT_PRODUCTS_DIR}/nanopb/nanopb.framework",
			);
			name = "[CP] Embed Pods Frameworks";
			outputFileListPaths = (
			);
			outputPaths = (
				"${TARGET_BUILD_DIR}/${FRAMEWORKS_FOLDER_PATH}/openssl_grpc.framework",
				"${TARGET_BUILD_DIR}/${FRAMEWORKS_FOLDER_PATH}/GTMSessionFetcher.framework",
				"${TARGET_BUILD_DIR}/${FRAMEWORKS_FOLDER_PATH}/GoogleUtilities.framework",
				"${TARGET_BUILD_DIR}/${FRAMEWORKS_FOLDER_PATH}/JGProgressHUD.framework",
				"${TARGET_BUILD_DIR}/${FRAMEWORKS_FOLDER_PATH}/Protobuf.framework",
				"${TARGET_BUILD_DIR}/${FRAMEWORKS_FOLDER_PATH}/SDWebImage.framework",
				"${TARGET_BUILD_DIR}/${FRAMEWORKS_FOLDER_PATH}/GRPCClient.framework",
				"${TARGET_BUILD_DIR}/${FRAMEWORKS_FOLDER_PATH}/grpcpp.framework",
				"${TARGET_BUILD_DIR}/${FRAMEWORKS_FOLDER_PATH}/grpc.framework",
				"${TARGET_BUILD_DIR}/${FRAMEWORKS_FOLDER_PATH}/ProtoRPC.framework",
				"${TARGET_BUILD_DIR}/${FRAMEWORKS_FOLDER_PATH}/RxLibrary.framework",
				"${TARGET_BUILD_DIR}/${FRAMEWORKS_FOLDER_PATH}/leveldb.framework",
				"${TARGET_BUILD_DIR}/${FRAMEWORKS_FOLDER_PATH}/nanopb.framework",
			);
			runOnlyForDeploymentPostprocessing = 0;
			shellPath = /bin/sh;
			shellScript = "\"${PODS_ROOT}/Target Support Files/Pods-tinderLike/Pods-tinderLike-frameworks.sh\"\n";
			showEnvVarsInLog = 0;
		};
		D3BD5237AB4F548BE4314BBE /* [CP] Check Pods Manifest.lock */ = {
			isa = PBXShellScriptBuildPhase;
			buildActionMask = 2147483647;
			files = (
			);
			inputFileListPaths = (
			);
			inputPaths = (
				"${PODS_PODFILE_DIR_PATH}/Podfile.lock",
				"${PODS_ROOT}/Manifest.lock",
			);
			name = "[CP] Check Pods Manifest.lock";
			outputFileListPaths = (
			);
			outputPaths = (
				"$(DERIVED_FILE_DIR)/Pods-tinderLike-checkManifestLockResult.txt",
			);
			runOnlyForDeploymentPostprocessing = 0;
			shellPath = /bin/sh;
			shellScript = "diff \"${PODS_PODFILE_DIR_PATH}/Podfile.lock\" \"${PODS_ROOT}/Manifest.lock\" > /dev/null\nif [ $? != 0 ] ; then\n    # print error to STDERR\n    echo \"error: The sandbox is not in sync with the Podfile.lock. Run 'pod install' or update your CocoaPods installation.\" >&2\n    exit 1\nfi\n# This output is used by Xcode 'outputs' to avoid re-running this script phase.\necho \"SUCCESS\" > \"${SCRIPT_OUTPUT_FILE_0}\"\n";
			showEnvVarsInLog = 0;
		};
/* End PBXShellScriptBuildPhase section */

/* Begin PBXSourcesBuildPhase section */
		4F19D43B21D285EA00C8B2B5 /* Sources */ = {
			isa = PBXSourcesBuildPhase;
			buildActionMask = 2147483647;
			files = (
				4FA33B35224825A200497068 /* Bindable.swift in Sources */,
				4F19D44521D285EA00C8B2B5 /* HomeViewController.swift in Sources */,
				4F9E26992235C962009A9602 /* RegistrationViewModel.swift in Sources */,
				4FA26DFE221A4098007C230A /* CustomTextField.swift in Sources */,
				4F19D45921D6EABD00C8B2B5 /* HomeBottomControlsStackView.swift in Sources */,
				4F76E22B2210DB0700206ACE /* Advertiser.swift in Sources */,
				4F19D44321D285EA00C8B2B5 /* AppDelegate.swift in Sources */,
				4FA26DFC221A2D33007C230A /* RegistrationViewController.swift in Sources */,
				4F19D45621D29B7800C8B2B5 /* Extensions+UIView.swift in Sources */,
				4F76E22922109FF600206ACE /* CardViewModel.swift in Sources */,
				4FD5422821DAC57000F7023A /* CardView.swift in Sources */,
				4F19D45B21D6F75F00C8B2B5 /* TopNavigationStackView.swift in Sources */,
				4F76E225220F911E00206ACE /* User.swift in Sources */,
			);
			runOnlyForDeploymentPostprocessing = 0;
		};
/* End PBXSourcesBuildPhase section */

/* Begin PBXVariantGroup section */
		4F19D44621D285EA00C8B2B5 /* Main.storyboard */ = {
			isa = PBXVariantGroup;
			children = (
				4F19D44721D285EA00C8B2B5 /* Base */,
			);
			name = Main.storyboard;
			sourceTree = "<group>";
		};
		4F19D44B21D285ED00C8B2B5 /* LaunchScreen.storyboard */ = {
			isa = PBXVariantGroup;
			children = (
				4F19D44C21D285ED00C8B2B5 /* Base */,
			);
			name = LaunchScreen.storyboard;
			sourceTree = "<group>";
		};
/* End PBXVariantGroup section */

/* Begin XCBuildConfiguration section */
		4F19D44F21D285ED00C8B2B5 /* Debug */ = {
			isa = XCBuildConfiguration;
			buildSettings = {
				ALWAYS_SEARCH_USER_PATHS = NO;
				CLANG_ANALYZER_NONNULL = YES;
				CLANG_ANALYZER_NUMBER_OBJECT_CONVERSION = YES_AGGRESSIVE;
				CLANG_CXX_LANGUAGE_STANDARD = "gnu++14";
				CLANG_CXX_LIBRARY = "libc++";
				CLANG_ENABLE_MODULES = YES;
				CLANG_ENABLE_OBJC_ARC = YES;
				CLANG_ENABLE_OBJC_WEAK = YES;
				CLANG_WARN_BLOCK_CAPTURE_AUTORELEASING = YES;
				CLANG_WARN_BOOL_CONVERSION = YES;
				CLANG_WARN_COMMA = YES;
				CLANG_WARN_CONSTANT_CONVERSION = YES;
				CLANG_WARN_DEPRECATED_OBJC_IMPLEMENTATIONS = YES;
				CLANG_WARN_DIRECT_OBJC_ISA_USAGE = YES_ERROR;
				CLANG_WARN_DOCUMENTATION_COMMENTS = YES;
				CLANG_WARN_EMPTY_BODY = YES;
				CLANG_WARN_ENUM_CONVERSION = YES;
				CLANG_WARN_INFINITE_RECURSION = YES;
				CLANG_WARN_INT_CONVERSION = YES;
				CLANG_WARN_NON_LITERAL_NULL_CONVERSION = YES;
				CLANG_WARN_OBJC_IMPLICIT_RETAIN_SELF = YES;
				CLANG_WARN_OBJC_LITERAL_CONVERSION = YES;
				CLANG_WARN_OBJC_ROOT_CLASS = YES_ERROR;
				CLANG_WARN_RANGE_LOOP_ANALYSIS = YES;
				CLANG_WARN_STRICT_PROTOTYPES = YES;
				CLANG_WARN_SUSPICIOUS_MOVE = YES;
				CLANG_WARN_UNGUARDED_AVAILABILITY = YES_AGGRESSIVE;
				CLANG_WARN_UNREACHABLE_CODE = YES;
				CLANG_WARN__DUPLICATE_METHOD_MATCH = YES;
				CODE_SIGN_IDENTITY = "iPhone Developer";
				COPY_PHASE_STRIP = NO;
				DEBUG_INFORMATION_FORMAT = dwarf;
				ENABLE_STRICT_OBJC_MSGSEND = YES;
				ENABLE_TESTABILITY = YES;
				GCC_C_LANGUAGE_STANDARD = gnu11;
				GCC_DYNAMIC_NO_PIC = NO;
				GCC_NO_COMMON_BLOCKS = YES;
				GCC_OPTIMIZATION_LEVEL = 0;
				GCC_PREPROCESSOR_DEFINITIONS = (
					"DEBUG=1",
					"$(inherited)",
				);
				GCC_WARN_64_TO_32_BIT_CONVERSION = YES;
				GCC_WARN_ABOUT_RETURN_TYPE = YES_ERROR;
				GCC_WARN_UNDECLARED_SELECTOR = YES;
				GCC_WARN_UNINITIALIZED_AUTOS = YES_AGGRESSIVE;
				GCC_WARN_UNUSED_FUNCTION = YES;
				GCC_WARN_UNUSED_VARIABLE = YES;
				IPHONEOS_DEPLOYMENT_TARGET = 12.1;
				MTL_ENABLE_DEBUG_INFO = INCLUDE_SOURCE;
				MTL_FAST_MATH = YES;
				ONLY_ACTIVE_ARCH = YES;
				SDKROOT = iphoneos;
				SWIFT_ACTIVE_COMPILATION_CONDITIONS = DEBUG;
				SWIFT_OPTIMIZATION_LEVEL = "-Onone";
			};
			name = Debug;
		};
		4F19D45021D285ED00C8B2B5 /* Release */ = {
			isa = XCBuildConfiguration;
			buildSettings = {
				ALWAYS_SEARCH_USER_PATHS = NO;
				CLANG_ANALYZER_NONNULL = YES;
				CLANG_ANALYZER_NUMBER_OBJECT_CONVERSION = YES_AGGRESSIVE;
				CLANG_CXX_LANGUAGE_STANDARD = "gnu++14";
				CLANG_CXX_LIBRARY = "libc++";
				CLANG_ENABLE_MODULES = YES;
				CLANG_ENABLE_OBJC_ARC = YES;
				CLANG_ENABLE_OBJC_WEAK = YES;
				CLANG_WARN_BLOCK_CAPTURE_AUTORELEASING = YES;
				CLANG_WARN_BOOL_CONVERSION = YES;
				CLANG_WARN_COMMA = YES;
				CLANG_WARN_CONSTANT_CONVERSION = YES;
				CLANG_WARN_DEPRECATED_OBJC_IMPLEMENTATIONS = YES;
				CLANG_WARN_DIRECT_OBJC_ISA_USAGE = YES_ERROR;
				CLANG_WARN_DOCUMENTATION_COMMENTS = YES;
				CLANG_WARN_EMPTY_BODY = YES;
				CLANG_WARN_ENUM_CONVERSION = YES;
				CLANG_WARN_INFINITE_RECURSION = YES;
				CLANG_WARN_INT_CONVERSION = YES;
				CLANG_WARN_NON_LITERAL_NULL_CONVERSION = YES;
				CLANG_WARN_OBJC_IMPLICIT_RETAIN_SELF = YES;
				CLANG_WARN_OBJC_LITERAL_CONVERSION = YES;
				CLANG_WARN_OBJC_ROOT_CLASS = YES_ERROR;
				CLANG_WARN_RANGE_LOOP_ANALYSIS = YES;
				CLANG_WARN_STRICT_PROTOTYPES = YES;
				CLANG_WARN_SUSPICIOUS_MOVE = YES;
				CLANG_WARN_UNGUARDED_AVAILABILITY = YES_AGGRESSIVE;
				CLANG_WARN_UNREACHABLE_CODE = YES;
				CLANG_WARN__DUPLICATE_METHOD_MATCH = YES;
				CODE_SIGN_IDENTITY = "iPhone Developer";
				COPY_PHASE_STRIP = NO;
				DEBUG_INFORMATION_FORMAT = "dwarf-with-dsym";
				ENABLE_NS_ASSERTIONS = NO;
				ENABLE_STRICT_OBJC_MSGSEND = YES;
				GCC_C_LANGUAGE_STANDARD = gnu11;
				GCC_NO_COMMON_BLOCKS = YES;
				GCC_WARN_64_TO_32_BIT_CONVERSION = YES;
				GCC_WARN_ABOUT_RETURN_TYPE = YES_ERROR;
				GCC_WARN_UNDECLARED_SELECTOR = YES;
				GCC_WARN_UNINITIALIZED_AUTOS = YES_AGGRESSIVE;
				GCC_WARN_UNUSED_FUNCTION = YES;
				GCC_WARN_UNUSED_VARIABLE = YES;
				IPHONEOS_DEPLOYMENT_TARGET = 12.1;
				MTL_ENABLE_DEBUG_INFO = NO;
				MTL_FAST_MATH = YES;
				SDKROOT = iphoneos;
				SWIFT_COMPILATION_MODE = wholemodule;
				SWIFT_OPTIMIZATION_LEVEL = "-O";
				VALIDATE_PRODUCT = YES;
			};
			name = Release;
		};
		4F19D45221D285ED00C8B2B5 /* Debug */ = {
			isa = XCBuildConfiguration;
			baseConfigurationReference = 11B438B83BCB03C2C081AC3C /* Pods-tinderLike.debug.xcconfig */;
			buildSettings = {
				ASSETCATALOG_COMPILER_APPICON_NAME = AppIcon;
				CODE_SIGN_STYLE = Automatic;
				DEVELOPMENT_TEAM = 963UXK3MCT;
				INFOPLIST_FILE = tinderLike/Info.plist;
				LD_RUNPATH_SEARCH_PATHS = (
					"$(inherited)",
					"@executable_path/Frameworks",
				);
				PRODUCT_BUNDLE_IDENTIFIER = com.pauldefilippi.tinderLike;
				PRODUCT_NAME = "$(TARGET_NAME)";
				SWIFT_VERSION = 4.2;
				TARGETED_DEVICE_FAMILY = 1;
			};
			name = Debug;
		};
		4F19D45321D285ED00C8B2B5 /* Release */ = {
			isa = XCBuildConfiguration;
			baseConfigurationReference = 100828AD6E7C764B51EEC4E7 /* Pods-tinderLike.release.xcconfig */;
			buildSettings = {
				ASSETCATALOG_COMPILER_APPICON_NAME = AppIcon;
				CODE_SIGN_STYLE = Automatic;
				DEVELOPMENT_TEAM = 963UXK3MCT;
				INFOPLIST_FILE = tinderLike/Info.plist;
				LD_RUNPATH_SEARCH_PATHS = (
					"$(inherited)",
					"@executable_path/Frameworks",
				);
				PRODUCT_BUNDLE_IDENTIFIER = com.pauldefilippi.tinderLike;
				PRODUCT_NAME = "$(TARGET_NAME)";
				SWIFT_VERSION = 4.2;
				TARGETED_DEVICE_FAMILY = 1;
			};
			name = Release;
		};
/* End XCBuildConfiguration section */

/* Begin XCConfigurationList section */
		4F19D43A21D285EA00C8B2B5 /* Build configuration list for PBXProject "tinderLike" */ = {
			isa = XCConfigurationList;
			buildConfigurations = (
				4F19D44F21D285ED00C8B2B5 /* Debug */,
				4F19D45021D285ED00C8B2B5 /* Release */,
			);
			defaultConfigurationIsVisible = 0;
			defaultConfigurationName = Release;
		};
		4F19D45121D285ED00C8B2B5 /* Build configuration list for PBXNativeTarget "tinderLike" */ = {
			isa = XCConfigurationList;
			buildConfigurations = (
				4F19D45221D285ED00C8B2B5 /* Debug */,
				4F19D45321D285ED00C8B2B5 /* Release */,
			);
			defaultConfigurationIsVisible = 0;
			defaultConfigurationName = Release;
		};
/* End XCConfigurationList section */
	};
	rootObject = 4F19D43721D285EA00C8B2B5 /* Project object */;
}
